
Microsoft Visual Studio Solution File, Format Version 12.00
# Visual Studio Version 16
VisualStudioVersion = 16.0.30907.101
MinimumVisualStudioVersion = 10.0.40219.1
Project("{FAE04EC0-301F-11D3-BF4B-00C04F79EFBC}") = "CrossyRoadHack", "CrossyRoadHack.csproj", "{5C043D77-6A34-46E2-84E3-F20D4EB1DE12}"
EndProject
Global
	GlobalSection(SolutionConfigurationPlatforms) = preSolution
		Debug|Any CPU = Debug|Any CPU
		Release|Any CPU = Release|Any CPU
	EndGlobalSection
	GlobalSection(ProjectConfigurationPlatforms) = postSolution
		{5C043D77-6A34-46E2-84E3-F20D4EB1DE12}.Debug|Any CPU.ActiveCfg = Debug|Any CPU
		{5C043D77-6A34-46E2-84E3-F20D4EB1DE12}.Debug|Any CPU.Build.0 = Debug|Any CPU
		{5C043D77-6A34-46E2-84E3-F20D4EB1DE12}.Release|Any CPU.ActiveCfg = Release|Any CPU
		{5C043D77-6A34-46E2-84E3-F20D4EB1DE12}.Release|Any CPU.Build.0 = Release|Any CPU
	EndGlobalSection
	GlobalSection(SolutionProperties) = preSolution
		HideSolutionNode = FALSE
	EndGlobalSection
	GlobalSection(ExtensibilityGlobals) = postSolution
		SolutionGuid = {A5D1A4D0-96B0-4DD4-8852-007901FA3D1B}
	EndGlobalSection
EndGlobal
